
Microsoft Visual Studio Solution File, Format Version 12.00
# Visual Studio Version 17
VisualStudioVersion = 17.9.34321.82
MinimumVisualStudioVersion = 10.0.40219.1
Project("{2150E333-8FDC-42A3-9474-1A3956D46DE8}") = "[01]DataCore", "[01]DataCore", "{640ABC70-4DAF-49E5-B1F8-C505F2B0F8DE}"
EndProject
Project("{9A19103F-16F7-4668-BE54-9A1E7A4F7556}") = "iml6yu.Data.Core", "iml6yu.DataCore\iml6yu.Data.Core\iml6yu.Data.Core.csproj", "{4F9F48C4-9EC9-4A85-BE39-ADADEEAB32B4}"
EndProject
Project("{2150E333-8FDC-42A3-9474-1A3956D46DE8}") = "[02]DataReceive", "[02]DataReceive", "{3E4BC3E2-EA03-41DC-B17C-8FDA02BBCAB9}"
EndProject
Project("{9A19103F-16F7-4668-BE54-9A1E7A4F7556}") = "iml6yu.DataReceive.Core", "iml6yu.DataReceive\iml6yu.DataReceive.Core\iml6yu.DataReceive.Core.csproj", "{72F2C0F1-56B0-45F5-999E-EB190FB4CD99}"
EndProject
Project("{9A19103F-16F7-4668-BE54-9A1E7A4F7556}") = "iml6yu.DataReceive.Mqtt", "iml6yu.DataReceive\iml6yu.DataReceive.Mqtt\iml6yu.DataReceive.Mqtt.csproj", "{6AD412A4-5446-4FB0-82BB-665045AEBC34}"
EndProject
Project("{2150E333-8FDC-42A3-9474-1A3956D46DE8}") = "[00]Docs", "[00]Docs", "{C71D8900-BCB0-426F-8B7E-6B19AD4E407E}"
	ProjectSection(SolutionItems) = preProject
		..\doc\index.html = ..\doc\index.html
		..\doc\readme.md = ..\doc\readme.md
	EndProjectSection
EndProject
Project("{9A19103F-16F7-4668-BE54-9A1E7A4F7556}") = "iml6yu.DataReceive.OPCUA", "iml6yu.DataReceive\iml6yu.DataReceive.OPCUA\iml6yu.DataReceive.OPCUA.csproj", "{1F8FB11B-30D1-4619-9B70-EE015D1DD6AE}"
EndProject
Project("{2150E333-8FDC-42A3-9474-1A3956D46DE8}") = "[10]Database", "[10]Database", "{59AC5D6D-E7BF-4ADC-9861-C4FC5873F9F4}"
EndProject
Project("{FAE04EC0-301F-11D3-BF4B-00C04F79EFBC}") = "iml6yu.Database.Constant", "iml6yu.Database\iml6yu.Database.Constant\iml6yu.Database.Constant.csproj", "{EB0310DF-F441-4677-80A0-3CB5E8682A8E}"
EndProject
Project("{2150E333-8FDC-42A3-9474-1A3956D46DE8}") = "[03]DataPublish", "[03]DataPublish", "{02EA681E-C7D8-13C7-8484-4AC65E1B71E8}"
EndProject
Project("{FAE04EC0-301F-11D3-BF4B-00C04F79EFBC}") = "iml6yu.DataPublish.Core", "iml6yu.DataPublish\iml6yu.DataPublish.Core\iml6yu.DataPublish.Core.csproj", "{299F5DA5-AF17-483B-BCA2-2B532EC83335}"
EndProject
Project("{FAE04EC0-301F-11D3-BF4B-00C04F79EFBC}") = "iml6yu.DataPublish.Mqtt", "iml6yu.DataPublish\iml6yu.DataPublish.Mqtt\iml6yu.DataPublish.Mqtt.csproj", "{6A862458-F3A6-434D-9266-151DA230AADD}"
EndProject
Project("{FAE04EC0-301F-11D3-BF4B-00C04F79EFBC}") = "iml6yu.DataReceive.ModbusSlaveRTU", "iml6yu.DataReceive\iml6yu.DataReceive.ModbusSlaveRTU\iml6yu.DataReceive.ModbusSlaveRTU.csproj", "{08769188-5184-473C-ACE0-93576459C4BB}"
EndProject
Project("{FAE04EC0-301F-11D3-BF4B-00C04F79EFBC}") = "iml6yu.DataReceive.ModbusMasterRTU", "iml6yu.DataReceive\iml6yu.DataReceive.ModbusMasterRTU\iml6yu.DataReceive.ModbusMasterRTU.csproj", "{19D875D9-0099-48BB-9044-123EDF11D344}"
EndProject
Project("{2150E333-8FDC-42A3-9474-1A3956D46DE8}") = "[99]Test", "[99]Test", "{3A3AFE5E-83DD-42A5-9266-4EB65E10073F}"
EndProject
Project("{FAE04EC0-301F-11D3-BF4B-00C04F79EFBC}") = "验证", "test\验证\验证.csproj", "{1C60C64C-BF90-4B24-9F59-3D3A042B337F}"
EndProject
Project("{2150E333-8FDC-42A3-9474-1A3956D46DE8}") = "[20]串口通信", "[20]串口通信", "{A950CD90-E879-49C0-8457-DEF3E60DA79E}"
EndProject
Project("{FAE04EC0-301F-11D3-BF4B-00C04F79EFBC}") = "iml6yu.SerialCommunication", "iml6yu.Serials\iml6yu.SerialCommunication\iml6yu.SerialCommunication.csproj", "{9BFA6F5D-119E-46F0-BCA2-747EC7E87AF8}"
EndProject
Project("{FAE04EC0-301F-11D3-BF4B-00C04F79EFBC}") = "iml6yu.DataReceive.PLCSiemens", "iml6yu.DataReceive\iml6yu.DataReceive.PLCSiemens\iml6yu.DataReceive.PLCSiemens.csproj", "{C391B72B-2EE9-48A2-B209-7692962C25CD}"
EndProject
Project("{2150E333-8FDC-42A3-9474-1A3956D46DE8}") = "[98]Examples", "[98]Examples", "{0EB3193F-52FD-4AAE-8499-CB8E4C0697A8}"
EndProject
Project("{FAE04EC0-301F-11D3-BF4B-00C04F79EFBC}") = "iml6yu.DataReceiverExample.S7", "examples\iml6yu.DataReceiverExample\iml6yu.DataReceiverExample.S7.csproj", "{19484C4D-B4C7-4A17-B32E-F8418BA1ED4B}"
EndProject
Project("{FAE04EC0-301F-11D3-BF4B-00C04F79EFBC}") = "iml6yu.DataReceiverExample.ModbusRtu", "examples\iml6yu.DataReceiverExample.ModbusRtu\iml6yu.DataReceiverExample.ModbusRtu.csproj", "{F384752F-3117-4A1A-AE7F-989919A0BEE1}"
EndProject
Project("{FAE04EC0-301F-11D3-BF4B-00C04F79EFBC}") = "iml6yu.DataReceive.ModbusMasterTCP", "iml6yu.DataReceive\iml6yu.DataReceive.ModbusMasterTCP\iml6yu.DataReceive.ModbusMasterTCP.csproj", "{16FC50FE-D87F-4512-8D6F-0C1513A5A92A}"
EndProject
Project("{FAE04EC0-301F-11D3-BF4B-00C04F79EFBC}") = "iml6yu.DataReceiverExample.ModbusTCP", "examples\iml6yu.DataReceiverExample.ModbusTCP\iml6yu.DataReceiverExample.ModbusTCP.csproj", "{F1E3F37C-DF88-160F-E038-58C7A6F6E38B}"
EndProject
Project("{FAE04EC0-301F-11D3-BF4B-00C04F79EFBC}") = "iml6yu.DataReceive.ModbusMaster", "iml6yu.DataReceive\iml6yu.DataReceive.ModbusMaster\iml6yu.DataReceive.ModbusMaster.csproj", "{68A2CD21-E877-493D-B9C9-E958C3F3BE2C}"
EndProject
Project("{2150E333-8FDC-42A3-9474-1A3956D46DE8}") = "[04]DataService", "[04]DataService", "{8C79E9E4-3B07-4A80-9165-075B0850D52C}"
EndProject
Project("{FAE04EC0-301F-11D3-BF4B-00C04F79EFBC}") = "iml6yu.DataService.Modbus", "iml6yu.DataService\iml6yu.DataService.Modbus\iml6yu.DataService.Modbus.csproj", "{78C7A379-0444-4BB0-9C9C-49A2B9E3C445}"
EndProject
Project("{FAE04EC0-301F-11D3-BF4B-00C04F79EFBC}") = "iml6yu.DataService.ModbusRTU", "iml6yu.DataService\iml6yu.DataService.ModbusRTU\iml6yu.DataService.ModbusRTU.csproj", "{2D25B383-C455-497B-93F5-B441244875F9}"
EndProject
Project("{FAE04EC0-301F-11D3-BF4B-00C04F79EFBC}") = "iml6yu.DataService.ModbusTCP", "iml6yu.DataService\iml6yu.DataService.ModbusTCP\iml6yu.DataService.ModbusTCP.csproj", "{927F0590-2282-4497-B7E4-1099A645C638}"
EndProject
Project("{FAE04EC0-301F-11D3-BF4B-00C04F79EFBC}") = "iml6yu.DataServiceExample.ModbusTCP", "examples\iml6yu.DataServiceExample.ModbusTCP\iml6yu.DataServiceExample.ModbusTCP.csproj", "{C55E95CF-423D-46D8-B265-E5ED552E4B14}"
EndProject
Global
	GlobalSection(SolutionConfigurationPlatforms) = preSolution
		Debug|Any CPU = Debug|Any CPU
		Release|Any CPU = Release|Any CPU
	EndGlobalSection
	GlobalSection(ProjectConfigurationPlatforms) = postSolution
		{4F9F48C4-9EC9-4A85-BE39-ADADEEAB32B4}.Debug|Any CPU.ActiveCfg = Debug|Any CPU
		{4F9F48C4-9EC9-4A85-BE39-ADADEEAB32B4}.Debug|Any CPU.Build.0 = Debug|Any CPU
		{4F9F48C4-9EC9-4A85-BE39-ADADEEAB32B4}.Release|Any CPU.ActiveCfg = Release|Any CPU
		{4F9F48C4-9EC9-4A85-BE39-ADADEEAB32B4}.Release|Any CPU.Build.0 = Release|Any CPU
		{72F2C0F1-56B0-45F5-999E-EB190FB4CD99}.Debug|Any CPU.ActiveCfg = Debug|Any CPU
		{72F2C0F1-56B0-45F5-999E-EB190FB4CD99}.Debug|Any CPU.Build.0 = Debug|Any CPU
		{72F2C0F1-56B0-45F5-999E-EB190FB4CD99}.Release|Any CPU.ActiveCfg = Release|Any CPU
		{72F2C0F1-56B0-45F5-999E-EB190FB4CD99}.Release|Any CPU.Build.0 = Release|Any CPU
		{6AD412A4-5446-4FB0-82BB-665045AEBC34}.Debug|Any CPU.ActiveCfg = Debug|Any CPU
		{6AD412A4-5446-4FB0-82BB-665045AEBC34}.Debug|Any CPU.Build.0 = Debug|Any CPU
		{6AD412A4-5446-4FB0-82BB-665045AEBC34}.Release|Any CPU.ActiveCfg = Release|Any CPU
		{6AD412A4-5446-4FB0-82BB-665045AEBC34}.Release|Any CPU.Build.0 = Release|Any CPU
		{1F8FB11B-30D1-4619-9B70-EE015D1DD6AE}.Debug|Any CPU.ActiveCfg = Debug|Any CPU
		{1F8FB11B-30D1-4619-9B70-EE015D1DD6AE}.Debug|Any CPU.Build.0 = Debug|Any CPU
		{1F8FB11B-30D1-4619-9B70-EE015D1DD6AE}.Release|Any CPU.ActiveCfg = Release|Any CPU
		{1F8FB11B-30D1-4619-9B70-EE015D1DD6AE}.Release|Any CPU.Build.0 = Release|Any CPU
		{EB0310DF-F441-4677-80A0-3CB5E8682A8E}.Debug|Any CPU.ActiveCfg = Debug|Any CPU
		{EB0310DF-F441-4677-80A0-3CB5E8682A8E}.Debug|Any CPU.Build.0 = Debug|Any CPU
		{EB0310DF-F441-4677-80A0-3CB5E8682A8E}.Release|Any CPU.ActiveCfg = Release|Any CPU
		{EB0310DF-F441-4677-80A0-3CB5E8682A8E}.Release|Any CPU.Build.0 = Release|Any CPU
		{299F5DA5-AF17-483B-BCA2-2B532EC83335}.Debug|Any CPU.ActiveCfg = Debug|Any CPU
		{299F5DA5-AF17-483B-BCA2-2B532EC83335}.Debug|Any CPU.Build.0 = Debug|Any CPU
		{299F5DA5-AF17-483B-BCA2-2B532EC83335}.Release|Any CPU.ActiveCfg = Release|Any CPU
		{299F5DA5-AF17-483B-BCA2-2B532EC83335}.Release|Any CPU.Build.0 = Release|Any CPU
		{6A862458-F3A6-434D-9266-151DA230AADD}.Debug|Any CPU.ActiveCfg = Debug|Any CPU
		{6A862458-F3A6-434D-9266-151DA230AADD}.Debug|Any CPU.Build.0 = Debug|Any CPU
		{6A862458-F3A6-434D-9266-151DA230AADD}.Release|Any CPU.ActiveCfg = Release|Any CPU
		{6A862458-F3A6-434D-9266-151DA230AADD}.Release|Any CPU.Build.0 = Release|Any CPU
		{08769188-5184-473C-ACE0-93576459C4BB}.Debug|Any CPU.ActiveCfg = Debug|Any CPU
		{08769188-5184-473C-ACE0-93576459C4BB}.Debug|Any CPU.Build.0 = Debug|Any CPU
		{08769188-5184-473C-ACE0-93576459C4BB}.Release|Any CPU.ActiveCfg = Release|Any CPU
		{08769188-5184-473C-ACE0-93576459C4BB}.Release|Any CPU.Build.0 = Release|Any CPU
		{19D875D9-0099-48BB-9044-123EDF11D344}.Debug|Any CPU.ActiveCfg = Debug|Any CPU
		{19D875D9-0099-48BB-9044-123EDF11D344}.Debug|Any CPU.Build.0 = Debug|Any CPU
		{19D875D9-0099-48BB-9044-123EDF11D344}.Release|Any CPU.ActiveCfg = Release|Any CPU
		{19D875D9-0099-48BB-9044-123EDF11D344}.Release|Any CPU.Build.0 = Release|Any CPU
		{1C60C64C-BF90-4B24-9F59-3D3A042B337F}.Debug|Any CPU.ActiveCfg = Debug|Any CPU
		{1C60C64C-BF90-4B24-9F59-3D3A042B337F}.Debug|Any CPU.Build.0 = Debug|Any CPU
		{1C60C64C-BF90-4B24-9F59-3D3A042B337F}.Release|Any CPU.ActiveCfg = Release|Any CPU
		{1C60C64C-BF90-4B24-9F59-3D3A042B337F}.Release|Any CPU.Build.0 = Release|Any CPU
		{9BFA6F5D-119E-46F0-BCA2-747EC7E87AF8}.Debug|Any CPU.ActiveCfg = Debug|Any CPU
		{9BFA6F5D-119E-46F0-BCA2-747EC7E87AF8}.Debug|Any CPU.Build.0 = Debug|Any CPU
		{9BFA6F5D-119E-46F0-BCA2-747EC7E87AF8}.Release|Any CPU.ActiveCfg = Release|Any CPU
		{9BFA6F5D-119E-46F0-BCA2-747EC7E87AF8}.Release|Any CPU.Build.0 = Release|Any CPU
		{C391B72B-2EE9-48A2-B209-7692962C25CD}.Debug|Any CPU.ActiveCfg = Debug|Any CPU
		{C391B72B-2EE9-48A2-B209-7692962C25CD}.Debug|Any CPU.Build.0 = Debug|Any CPU
		{C391B72B-2EE9-48A2-B209-7692962C25CD}.Release|Any CPU.ActiveCfg = Release|Any CPU
		{C391B72B-2EE9-48A2-B209-7692962C25CD}.Release|Any CPU.Build.0 = Release|Any CPU
		{19484C4D-B4C7-4A17-B32E-F8418BA1ED4B}.Debug|Any CPU.ActiveCfg = Debug|Any CPU
		{19484C4D-B4C7-4A17-B32E-F8418BA1ED4B}.Debug|Any CPU.Build.0 = Debug|Any CPU
		{19484C4D-B4C7-4A17-B32E-F8418BA1ED4B}.Release|Any CPU.ActiveCfg = Release|Any CPU
		{19484C4D-B4C7-4A17-B32E-F8418BA1ED4B}.Release|Any CPU.Build.0 = Release|Any CPU
		{F384752F-3117-4A1A-AE7F-989919A0BEE1}.Debug|Any CPU.ActiveCfg = Debug|Any CPU
		{F384752F-3117-4A1A-AE7F-989919A0BEE1}.Debug|Any CPU.Build.0 = Debug|Any CPU
		{F384752F-3117-4A1A-AE7F-989919A0BEE1}.Release|Any CPU.ActiveCfg = Release|Any CPU
		{F384752F-3117-4A1A-AE7F-989919A0BEE1}.Release|Any CPU.Build.0 = Release|Any CPU
		{16FC50FE-D87F-4512-8D6F-0C1513A5A92A}.Debug|Any CPU.ActiveCfg = Debug|Any CPU
		{16FC50FE-D87F-4512-8D6F-0C1513A5A92A}.Debug|Any CPU.Build.0 = Debug|Any CPU
		{16FC50FE-D87F-4512-8D6F-0C1513A5A92A}.Release|Any CPU.ActiveCfg = Release|Any CPU
		{16FC50FE-D87F-4512-8D6F-0C1513A5A92A}.Release|Any CPU.Build.0 = Release|Any CPU
		{F1E3F37C-DF88-160F-E038-58C7A6F6E38B}.Debug|Any CPU.ActiveCfg = Debug|Any CPU
		{F1E3F37C-DF88-160F-E038-58C7A6F6E38B}.Debug|Any CPU.Build.0 = Debug|Any CPU
		{F1E3F37C-DF88-160F-E038-58C7A6F6E38B}.Release|Any CPU.ActiveCfg = Release|Any CPU
		{F1E3F37C-DF88-160F-E038-58C7A6F6E38B}.Release|Any CPU.Build.0 = Release|Any CPU
		{68A2CD21-E877-493D-B9C9-E958C3F3BE2C}.Debug|Any CPU.ActiveCfg = Debug|Any CPU
		{68A2CD21-E877-493D-B9C9-E958C3F3BE2C}.Debug|Any CPU.Build.0 = Debug|Any CPU
		{68A2CD21-E877-493D-B9C9-E958C3F3BE2C}.Release|Any CPU.ActiveCfg = Release|Any CPU
		{68A2CD21-E877-493D-B9C9-E958C3F3BE2C}.Release|Any CPU.Build.0 = Release|Any CPU
		{78C7A379-0444-4BB0-9C9C-49A2B9E3C445}.Debug|Any CPU.ActiveCfg = Debug|Any CPU
		{78C7A379-0444-4BB0-9C9C-49A2B9E3C445}.Debug|Any CPU.Build.0 = Debug|Any CPU
		{78C7A379-0444-4BB0-9C9C-49A2B9E3C445}.Release|Any CPU.ActiveCfg = Release|Any CPU
		{78C7A379-0444-4BB0-9C9C-49A2B9E3C445}.Release|Any CPU.Build.0 = Release|Any CPU
		{2D25B383-C455-497B-93F5-B441244875F9}.Debug|Any CPU.ActiveCfg = Debug|Any CPU
		{2D25B383-C455-497B-93F5-B441244875F9}.Debug|Any CPU.Build.0 = Debug|Any CPU
		{2D25B383-C455-497B-93F5-B441244875F9}.Release|Any CPU.ActiveCfg = Release|Any CPU
		{2D25B383-C455-497B-93F5-B441244875F9}.Release|Any CPU.Build.0 = Release|Any CPU
		{927F0590-2282-4497-B7E4-1099A645C638}.Debug|Any CPU.ActiveCfg = Debug|Any CPU
		{927F0590-2282-4497-B7E4-1099A645C638}.Debug|Any CPU.Build.0 = Debug|Any CPU
		{927F0590-2282-4497-B7E4-1099A645C638}.Release|Any CPU.ActiveCfg = Release|Any CPU
		{927F0590-2282-4497-B7E4-1099A645C638}.Release|Any CPU.Build.0 = Release|Any CPU
		{C55E95CF-423D-46D8-B265-E5ED552E4B14}.Debug|Any CPU.ActiveCfg = Debug|Any CPU
		{C55E95CF-423D-46D8-B265-E5ED552E4B14}.Debug|Any CPU.Build.0 = Debug|Any CPU
		{C55E95CF-423D-46D8-B265-E5ED552E4B14}.Release|Any CPU.ActiveCfg = Release|Any CPU
		{C55E95CF-423D-46D8-B265-E5ED552E4B14}.Release|Any CPU.Build.0 = Release|Any CPU
	EndGlobalSection
	GlobalSection(SolutionProperties) = preSolution
		HideSolutionNode = FALSE
	EndGlobalSection
	GlobalSection(NestedProjects) = preSolution
		{4F9F48C4-9EC9-4A85-BE39-ADADEEAB32B4} = {640ABC70-4DAF-49E5-B1F8-C505F2B0F8DE}
		{72F2C0F1-56B0-45F5-999E-EB190FB4CD99} = {3E4BC3E2-EA03-41DC-B17C-8FDA02BBCAB9}
		{6AD412A4-5446-4FB0-82BB-665045AEBC34} = {3E4BC3E2-EA03-41DC-B17C-8FDA02BBCAB9}
		{1F8FB11B-30D1-4619-9B70-EE015D1DD6AE} = {3E4BC3E2-EA03-41DC-B17C-8FDA02BBCAB9}
		{EB0310DF-F441-4677-80A0-3CB5E8682A8E} = {59AC5D6D-E7BF-4ADC-9861-C4FC5873F9F4}
		{299F5DA5-AF17-483B-BCA2-2B532EC83335} = {02EA681E-C7D8-13C7-8484-4AC65E1B71E8}
		{6A862458-F3A6-434D-9266-151DA230AADD} = {02EA681E-C7D8-13C7-8484-4AC65E1B71E8}
		{08769188-5184-473C-ACE0-93576459C4BB} = {3E4BC3E2-EA03-41DC-B17C-8FDA02BBCAB9}
		{19D875D9-0099-48BB-9044-123EDF11D344} = {3E4BC3E2-EA03-41DC-B17C-8FDA02BBCAB9}
		{1C60C64C-BF90-4B24-9F59-3D3A042B337F} = {3A3AFE5E-83DD-42A5-9266-4EB65E10073F}
		{9BFA6F5D-119E-46F0-BCA2-747EC7E87AF8} = {A950CD90-E879-49C0-8457-DEF3E60DA79E}
		{C391B72B-2EE9-48A2-B209-7692962C25CD} = {3E4BC3E2-EA03-41DC-B17C-8FDA02BBCAB9}
		{19484C4D-B4C7-4A17-B32E-F8418BA1ED4B} = {0EB3193F-52FD-4AAE-8499-CB8E4C0697A8}
		{F384752F-3117-4A1A-AE7F-989919A0BEE1} = {0EB3193F-52FD-4AAE-8499-CB8E4C0697A8}
		{16FC50FE-D87F-4512-8D6F-0C1513A5A92A} = {3E4BC3E2-EA03-41DC-B17C-8FDA02BBCAB9}
		{F1E3F37C-DF88-160F-E038-58C7A6F6E38B} = {0EB3193F-52FD-4AAE-8499-CB8E4C0697A8}
		{68A2CD21-E877-493D-B9C9-E958C3F3BE2C} = {3E4BC3E2-EA03-41DC-B17C-8FDA02BBCAB9}
		{78C7A379-0444-4BB0-9C9C-49A2B9E3C445} = {8C79E9E4-3B07-4A80-9165-075B0850D52C}
		{2D25B383-C455-497B-93F5-B441244875F9} = {8C79E9E4-3B07-4A80-9165-075B0850D52C}
		{927F0590-2282-4497-B7E4-1099A645C638} = {8C79E9E4-3B07-4A80-9165-075B0850D52C}
		{C55E95CF-423D-46D8-B265-E5ED552E4B14} = {0EB3193F-52FD-4AAE-8499-CB8E4C0697A8}
	EndGlobalSection
	GlobalSection(ExtensibilityGlobals) = postSolution
		SolutionGuid = {17FDDAE9-6592-4AE5-9DC7-85C0D6913D5A}
	EndGlobalSection
EndGlobal
